
Microsoft Visual Studio Solution File, Format Version 12.00
# Visual Studio 2013
VisualStudioVersion = 12.0.21005.1
MinimumVisualStudioVersion = 10.0.40219.1
Project("{8BC9CEB8-8B4A-11D0-8D11-00A0C91BC942}") = "01_字符串反转", "01_字符串反转\01_字符串反转.vcxproj", "{0B5D58CB-B1E4-4AA8-BFD1-2FD7408EE7A4}"
EndProject
Project("{8BC9CEB8-8B4A-11D0-8D11-00A0C91BC942}") = "03_LIS最长递增子序列", "03_LIS最长递增子序列\03_LIS最长递增子序列.vcxproj", "{49210BDA-4B99-4262-AE70-9486F9E297CD}"
EndProject
Project("{8BC9CEB8-8B4A-11D0-8D11-00A0C91BC942}") = "04_字符串的全排列", "04_字符串的全排列\04_字符串的全排列.vcxproj", "{CBA59D48-DE72-43B3-A202-AE21D6821C23}"
EndProject
Project("{8BC9CEB8-8B4A-11D0-8D11-00A0C91BC942}") = "02_LCS最长公共子序列", "02_LCS最长公共子序列\02_LCS最长公共子序列.vcxproj", "{C60E6ED9-65EF-4F38-AE5C-CC2FADF9B71A}"
EndProject
Project("{8BC9CEB8-8B4A-11D0-8D11-00A0C91BC942}") = "05_字符串的全排列非递归算法", "05_字符串的全排列非递归算法\05_字符串的全排列非递归算法.vcxproj", "{04E6BB6A-C8D0-4D9A-B95E-FCD76DD0C1D4}"
EndProject
Project("{8BC9CEB8-8B4A-11D0-8D11-00A0C91BC942}") = "06_最长回文子串", "06_最长回文子串\06_最长回文子串.vcxproj", "{736A844E-4A19-4233-AD4A-AFDAE5DA4F36}"
EndProject
Project("{8BC9CEB8-8B4A-11D0-8D11-00A0C91BC942}") = "07_字符串匹配问题BF和KMP", "07_字符串匹配问题\07_字符串匹配问题.vcxproj", "{CD2B6895-54FC-4D2D-A9FF-D24657794155}"
EndProject
Project("{8BC9CEB8-8B4A-11D0-8D11-00A0C91BC942}") = "08_计算字符串的最小周期", "08_计算字符串的最小周期\08_计算字符串的最小周期.vcxproj", "{517F245C-87B8-4B18-A69D-DD5BFD25833B}"
EndProject
Project("{8BC9CEB8-8B4A-11D0-8D11-00A0C91BC942}") = "09_三字母字符组合", "09_三字母字符组合\09_三字母字符组合.vcxproj", "{AD0764B0-7426-41AF-8AEA-ACAF20AE5D8E}"
EndProject
Project("{8BC9CEB8-8B4A-11D0-8D11-00A0C91BC942}") = "10_BM字符串查找算法", "10_BM字符串查找算法\10_BM字符串查找算法.vcxproj", "{23CB2DC3-B25B-4F68-99C9-C247DECFB8E5}"
EndProject
Global
	GlobalSection(SolutionConfigurationPlatforms) = preSolution
		Debug|Win32 = Debug|Win32
		Release|Win32 = Release|Win32
	EndGlobalSection
	GlobalSection(ProjectConfigurationPlatforms) = postSolution
		{0B5D58CB-B1E4-4AA8-BFD1-2FD7408EE7A4}.Debug|Win32.ActiveCfg = Debug|Win32
		{0B5D58CB-B1E4-4AA8-BFD1-2FD7408EE7A4}.Debug|Win32.Build.0 = Debug|Win32
		{0B5D58CB-B1E4-4AA8-BFD1-2FD7408EE7A4}.Release|Win32.ActiveCfg = Release|Win32
		{0B5D58CB-B1E4-4AA8-BFD1-2FD7408EE7A4}.Release|Win32.Build.0 = Release|Win32
		{49210BDA-4B99-4262-AE70-9486F9E297CD}.Debug|Win32.ActiveCfg = Debug|Win32
		{49210BDA-4B99-4262-AE70-9486F9E297CD}.Debug|Win32.Build.0 = Debug|Win32
		{49210BDA-4B99-4262-AE70-9486F9E297CD}.Release|Win32.ActiveCfg = Release|Win32
		{49210BDA-4B99-4262-AE70-9486F9E297CD}.Release|Win32.Build.0 = Release|Win32
		{CBA59D48-DE72-43B3-A202-AE21D6821C23}.Debug|Win32.ActiveCfg = Debug|Win32
		{CBA59D48-DE72-43B3-A202-AE21D6821C23}.Debug|Win32.Build.0 = Debug|Win32
		{CBA59D48-DE72-43B3-A202-AE21D6821C23}.Release|Win32.ActiveCfg = Release|Win32
		{CBA59D48-DE72-43B3-A202-AE21D6821C23}.Release|Win32.Build.0 = Release|Win32
		{C60E6ED9-65EF-4F38-AE5C-CC2FADF9B71A}.Debug|Win32.ActiveCfg = Debug|Win32
		{C60E6ED9-65EF-4F38-AE5C-CC2FADF9B71A}.Debug|Win32.Build.0 = Debug|Win32
		{C60E6ED9-65EF-4F38-AE5C-CC2FADF9B71A}.Release|Win32.ActiveCfg = Release|Win32
		{C60E6ED9-65EF-4F38-AE5C-CC2FADF9B71A}.Release|Win32.Build.0 = Release|Win32
		{04E6BB6A-C8D0-4D9A-B95E-FCD76DD0C1D4}.Debug|Win32.ActiveCfg = Debug|Win32
		{04E6BB6A-C8D0-4D9A-B95E-FCD76DD0C1D4}.Debug|Win32.Build.0 = Debug|Win32
		{04E6BB6A-C8D0-4D9A-B95E-FCD76DD0C1D4}.Release|Win32.ActiveCfg = Release|Win32
		{04E6BB6A-C8D0-4D9A-B95E-FCD76DD0C1D4}.Release|Win32.Build.0 = Release|Win32
		{736A844E-4A19-4233-AD4A-AFDAE5DA4F36}.Debug|Win32.ActiveCfg = Debug|Win32
		{736A844E-4A19-4233-AD4A-AFDAE5DA4F36}.Debug|Win32.Build.0 = Debug|Win32
		{736A844E-4A19-4233-AD4A-AFDAE5DA4F36}.Release|Win32.ActiveCfg = Release|Win32
		{736A844E-4A19-4233-AD4A-AFDAE5DA4F36}.Release|Win32.Build.0 = Release|Win32
		{CD2B6895-54FC-4D2D-A9FF-D24657794155}.Debug|Win32.ActiveCfg = Debug|Win32
		{CD2B6895-54FC-4D2D-A9FF-D24657794155}.Debug|Win32.Build.0 = Debug|Win32
		{CD2B6895-54FC-4D2D-A9FF-D24657794155}.Release|Win32.ActiveCfg = Release|Win32
		{CD2B6895-54FC-4D2D-A9FF-D24657794155}.Release|Win32.Build.0 = Release|Win32
		{517F245C-87B8-4B18-A69D-DD5BFD25833B}.Debug|Win32.ActiveCfg = Debug|Win32
		{517F245C-87B8-4B18-A69D-DD5BFD25833B}.Debug|Win32.Build.0 = Debug|Win32
		{517F245C-87B8-4B18-A69D-DD5BFD25833B}.Release|Win32.ActiveCfg = Release|Win32
		{517F245C-87B8-4B18-A69D-DD5BFD25833B}.Release|Win32.Build.0 = Release|Win32
		{AD0764B0-7426-41AF-8AEA-ACAF20AE5D8E}.Debug|Win32.ActiveCfg = Debug|Win32
		{AD0764B0-7426-41AF-8AEA-ACAF20AE5D8E}.Debug|Win32.Build.0 = Debug|Win32
		{AD0764B0-7426-41AF-8AEA-ACAF20AE5D8E}.Release|Win32.ActiveCfg = Release|Win32
		{AD0764B0-7426-41AF-8AEA-ACAF20AE5D8E}.Release|Win32.Build.0 = Release|Win32
		{23CB2DC3-B25B-4F68-99C9-C247DECFB8E5}.Debug|Win32.ActiveCfg = Debug|Win32
		{23CB2DC3-B25B-4F68-99C9-C247DECFB8E5}.Debug|Win32.Build.0 = Debug|Win32
		{23CB2DC3-B25B-4F68-99C9-C247DECFB8E5}.Release|Win32.ActiveCfg = Release|Win32
		{23CB2DC3-B25B-4F68-99C9-C247DECFB8E5}.Release|Win32.Build.0 = Release|Win32
	EndGlobalSection
	GlobalSection(SolutionProperties) = preSolution
		HideSolutionNode = FALSE
	EndGlobalSection
EndGlobal
